// !$*UTF8*$!
{
	archiveVersion = 1;
	classes = {
	};
	objectVersion = 56;
	objects = {

/* Begin PBXBuildFile section */
		D94F89452BFA7620008EAB3E /* Awesome_MoviesApp.swift in Sources */ = {isa = PBXBuildFile; fileRef = D94F89442BFA7620008EAB3E /* Awesome_MoviesApp.swift */; };
		D94F89492BFA7621008EAB3E /* Assets.xcassets in Resources */ = {isa = PBXBuildFile; fileRef = D94F89482BFA7621008EAB3E /* Assets.xcassets */; };
		D94F894C2BFA7621008EAB3E /* Preview Assets.xcassets in Resources */ = {isa = PBXBuildFile; fileRef = D94F894B2BFA7621008EAB3E /* Preview Assets.xcassets */; };
		D94F89582BFA8107008EAB3E /* Api.swift in Sources */ = {isa = PBXBuildFile; fileRef = D94F89572BFA8107008EAB3E /* Api.swift */; };
		D94F895B2BFAA88B008EAB3E /* Movie.swift in Sources */ = {isa = PBXBuildFile; fileRef = D94F895A2BFAA88B008EAB3E /* Movie.swift */; };
		D94F895E2BFAABAE008EAB3E /* MovieViewModel.swift in Sources */ = {isa = PBXBuildFile; fileRef = D94F895D2BFAABAE008EAB3E /* MovieViewModel.swift */; };
		D96135092C0359D800B0AB6D /* CoreDataProvider.swift in Sources */ = {isa = PBXBuildFile; fileRef = D96135082C0359D800B0AB6D /* CoreDataProvider.swift */; };
		D961350C2C035CB400B0AB6D /* AwesomeMovieAppModel.xcdatamodeld in Sources */ = {isa = PBXBuildFile; fileRef = D961350A2C035CB400B0AB6D /* AwesomeMovieAppModel.xcdatamodeld */; };
		D961350E2C03663C00B0AB6D /* SavedMovie+Extension.swift in Sources */ = {isa = PBXBuildFile; fileRef = D961350D2C03663C00B0AB6D /* SavedMovie+Extension.swift */; };
		D96135102C03BED000B0AB6D /* MainScreen.swift in Sources */ = {isa = PBXBuildFile; fileRef = D961350F2C03BED000B0AB6D /* MainScreen.swift */; };
		D96135142C03C0A600B0AB6D /* SettingsScreen.swift in Sources */ = {isa = PBXBuildFile; fileRef = D96135132C03C0A600B0AB6D /* SettingsScreen.swift */; };
		D96135162C03C0B800B0AB6D /* SavedMoviesScreen.swift in Sources */ = {isa = PBXBuildFile; fileRef = D96135152C03C0B800B0AB6D /* SavedMoviesScreen.swift */; };
		D96135192C03CCE200B0AB6D /* SavedMovieCell.swift in Sources */ = {isa = PBXBuildFile; fileRef = D96135182C03CCE200B0AB6D /* SavedMovieCell.swift */; };
		D97B58D82BFD40F200E57704 /* Constant.swift in Sources */ = {isa = PBXBuildFile; fileRef = D97B58D72BFD40F200E57704 /* Constant.swift */; };
		D97B58DC2BFD587500E57704 /* MovieGridItemView.swift in Sources */ = {isa = PBXBuildFile; fileRef = D97B58DB2BFD587500E57704 /* MovieGridItemView.swift */; };
		D98D82482C03307B004C1960 /* Int+Extension.swift in Sources */ = {isa = PBXBuildFile; fileRef = D98D82472C03307B004C1960 /* Int+Extension.swift */; };
		D98D824B2C03484E004C1960 /* Launch Screen.storyboard in Resources */ = {isa = PBXBuildFile; fileRef = D98D824A2C03484E004C1960 /* Launch Screen.storyboard */; };
		D9DEC34A2C010EE800944452 /* MovieDetailScreen.swift in Sources */ = {isa = PBXBuildFile; fileRef = D9DEC3492C010EE800944452 /* MovieDetailScreen.swift */; };
		D9DEC34F2C01E24200944452 /* CircularRatingView.swift in Sources */ = {isa = PBXBuildFile; fileRef = D9DEC34E2C01E24200944452 /* CircularRatingView.swift */; };
		D9DEC3512C0257B600944452 /* CustomBezierPathShape.swift in Sources */ = {isa = PBXBuildFile; fileRef = D9DEC3502C0257B600944452 /* CustomBezierPathShape.swift */; };
		D9DEC3552C02ABF500944452 /* MovieDetailWidget.swift in Sources */ = {isa = PBXBuildFile; fileRef = D9DEC3542C02ABF500944452 /* MovieDetailWidget.swift */; };
		D9DEC3572C031B9D00944452 /* MovieDetailViewModel.swift in Sources */ = {isa = PBXBuildFile; fileRef = D9DEC3562C031B9D00944452 /* MovieDetailViewModel.swift */; };
		D9DEC3592C031E0C00944452 /* MovieDetail.swift in Sources */ = {isa = PBXBuildFile; fileRef = D9DEC3582C031E0C00944452 /* MovieDetail.swift */; };
		D9DEC35B2C032BBF00944452 /* String+Extension.swift in Sources */ = {isa = PBXBuildFile; fileRef = D9DEC35A2C032BBF00944452 /* String+Extension.swift */; };
		D9EA01FF2BFBD53200730562 /* QueryItem.swift in Sources */ = {isa = PBXBuildFile; fileRef = D9EA01FE2BFBD53200730562 /* QueryItem.swift */; };
		D9EA02012BFBEC6E00730562 /* MoviesScreen.swift in Sources */ = {isa = PBXBuildFile; fileRef = D9EA02002BFBEC6E00730562 /* MoviesScreen.swift */; };
/* End PBXBuildFile section */

/* Begin PBXFileReference section */
		D94F89412BFA7620008EAB3E /* Awesome Movies.app */ = {isa = PBXFileReference; explicitFileType = wrapper.application; includeInIndex = 0; path = "Awesome Movies.app"; sourceTree = BUILT_PRODUCTS_DIR; };
		D94F89442BFA7620008EAB3E /* Awesome_MoviesApp.swift */ = {isa = PBXFileReference; lastKnownFileType = sourcecode.swift; path = Awesome_MoviesApp.swift; sourceTree = "<group>"; };
		D94F89482BFA7621008EAB3E /* Assets.xcassets */ = {isa = PBXFileReference; lastKnownFileType = folder.assetcatalog; path = Assets.xcassets; sourceTree = "<group>"; };
		D94F894B2BFA7621008EAB3E /* Preview Assets.xcassets */ = {isa = PBXFileReference; lastKnownFileType = folder.assetcatalog; path = "Preview Assets.xcassets"; sourceTree = "<group>"; };
		D94F89572BFA8107008EAB3E /* Api.swift */ = {isa = PBXFileReference; lastKnownFileType = sourcecode.swift; path = Api.swift; sourceTree = "<group>"; };
		D94F895A2BFAA88B008EAB3E /* Movie.swift */ = {isa = PBXFileReference; lastKnownFileType = sourcecode.swift; path = Movie.swift; sourceTree = "<group>"; };
		D94F895D2BFAABAE008EAB3E /* MovieViewModel.swift */ = {isa = PBXFileReference; lastKnownFileType = sourcecode.swift; path = MovieViewModel.swift; sourceTree = "<group>"; };
		D96135082C0359D800B0AB6D /* CoreDataProvider.swift */ = {isa = PBXFileReference; lastKnownFileType = sourcecode.swift; path = CoreDataProvider.swift; sourceTree = "<group>"; };
		D961350B2C035CB400B0AB6D /* AwesomeMovieAppModel.xcdatamodel */ = {isa = PBXFileReference; lastKnownFileType = wrapper.xcdatamodel; path = AwesomeMovieAppModel.xcdatamodel; sourceTree = "<group>"; };
		D961350D2C03663C00B0AB6D /* SavedMovie+Extension.swift */ = {isa = PBXFileReference; lastKnownFileType = sourcecode.swift; path = "SavedMovie+Extension.swift"; sourceTree = "<group>"; };
		D961350F2C03BED000B0AB6D /* MainScreen.swift */ = {isa = PBXFileReference; lastKnownFileType = sourcecode.swift; path = MainScreen.swift; sourceTree = "<group>"; };
		D96135132C03C0A600B0AB6D /* SettingsScreen.swift */ = {isa = PBXFileReference; lastKnownFileType = sourcecode.swift; path = SettingsScreen.swift; sourceTree = "<group>"; };
		D96135152C03C0B800B0AB6D /* SavedMoviesScreen.swift */ = {isa = PBXFileReference; lastKnownFileType = sourcecode.swift; path = SavedMoviesScreen.swift; sourceTree = "<group>"; };
		D96135182C03CCE200B0AB6D /* SavedMovieCell.swift */ = {isa = PBXFileReference; lastKnownFileType = sourcecode.swift; path = SavedMovieCell.swift; sourceTree = "<group>"; };
		D97B58D72BFD40F200E57704 /* Constant.swift */ = {isa = PBXFileReference; lastKnownFileType = sourcecode.swift; path = Constant.swift; sourceTree = "<group>"; };
		D97B58DB2BFD587500E57704 /* MovieGridItemView.swift */ = {isa = PBXFileReference; lastKnownFileType = sourcecode.swift; path = MovieGridItemView.swift; sourceTree = "<group>"; };
		D98D82472C03307B004C1960 /* Int+Extension.swift */ = {isa = PBXFileReference; lastKnownFileType = sourcecode.swift; path = "Int+Extension.swift"; sourceTree = "<group>"; };
		D98D824A2C03484E004C1960 /* Launch Screen.storyboard */ = {isa = PBXFileReference; lastKnownFileType = file.storyboard; path = "Launch Screen.storyboard"; sourceTree = "<group>"; };
		D9DEC3492C010EE800944452 /* MovieDetailScreen.swift */ = {isa = PBXFileReference; lastKnownFileType = sourcecode.swift; path = MovieDetailScreen.swift; sourceTree = "<group>"; };
		D9DEC34E2C01E24200944452 /* CircularRatingView.swift */ = {isa = PBXFileReference; lastKnownFileType = sourcecode.swift; path = CircularRatingView.swift; sourceTree = "<group>"; };
		D9DEC3502C0257B600944452 /* CustomBezierPathShape.swift */ = {isa = PBXFileReference; lastKnownFileType = sourcecode.swift; path = CustomBezierPathShape.swift; sourceTree = "<group>"; };
		D9DEC3542C02ABF500944452 /* MovieDetailWidget.swift */ = {isa = PBXFileReference; lastKnownFileType = sourcecode.swift; path = MovieDetailWidget.swift; sourceTree = "<group>"; };
		D9DEC3562C031B9D00944452 /* MovieDetailViewModel.swift */ = {isa = PBXFileReference; lastKnownFileType = sourcecode.swift; path = MovieDetailViewModel.swift; sourceTree = "<group>"; };
		D9DEC3582C031E0C00944452 /* MovieDetail.swift */ = {isa = PBXFileReference; lastKnownFileType = sourcecode.swift; path = MovieDetail.swift; sourceTree = "<group>"; };
		D9DEC35A2C032BBF00944452 /* String+Extension.swift */ = {isa = PBXFileReference; lastKnownFileType = sourcecode.swift; path = "String+Extension.swift"; sourceTree = "<group>"; };
		D9EA01FE2BFBD53200730562 /* QueryItem.swift */ = {isa = PBXFileReference; lastKnownFileType = sourcecode.swift; path = QueryItem.swift; sourceTree = "<group>"; };
		D9EA02002BFBEC6E00730562 /* MoviesScreen.swift */ = {isa = PBXFileReference; lastKnownFileType = sourcecode.swift; path = MoviesScreen.swift; sourceTree = "<group>"; };
/* End PBXFileReference section */

/* Begin PBXFrameworksBuildPhase section */
		D94F893E2BFA7620008EAB3E /* Frameworks */ = {
			isa = PBXFrameworksBuildPhase;
			buildActionMask = 2147483647;
			files = (
			);
			runOnlyForDeploymentPostprocessing = 0;
		};
/* End PBXFrameworksBuildPhase section */

/* Begin PBXGroup section */
		D94F89382BFA7620008EAB3E = {
			isa = PBXGroup;
			children = (
				D94F89432BFA7620008EAB3E /* Awesome Movies */,
				D94F89422BFA7620008EAB3E /* Products */,
			);
			sourceTree = "<group>";
		};
		D94F89422BFA7620008EAB3E /* Products */ = {
			isa = PBXGroup;
			children = (
				D94F89412BFA7620008EAB3E /* Awesome Movies.app */,
			);
			name = Products;
			sourceTree = "<group>";
		};
		D94F89432BFA7620008EAB3E /* Awesome Movies */ = {
			isa = PBXGroup;
			children = (
				D97B58D42BFD3FCF00E57704 /* Utilities */,
				D94F89592BFAA6C1008EAB3E /* Models */,
				D94F89542BFA79BF008EAB3E /* API */,
				D94F89532BFA78B1008EAB3E /* Extensions */,
				D97B58D92BFD56FE00E57704 /* Views */,
				D94F895C2BFAAB71008EAB3E /* View Models */,
				D94F89522BFA78A6008EAB3E /* Screens */,
				D94F89482BFA7621008EAB3E /* Assets.xcassets */,
				D98D824A2C03484E004C1960 /* Launch Screen.storyboard */,
				D94F894A2BFA7621008EAB3E /* Preview Content */,
			);
			path = "Awesome Movies";
			sourceTree = "<group>";
		};
		D94F894A2BFA7621008EAB3E /* Preview Content */ = {
			isa = PBXGroup;
			children = (
				D94F894B2BFA7621008EAB3E /* Preview Assets.xcassets */,
			);
			path = "Preview Content";
			sourceTree = "<group>";
		};
		D94F89522BFA78A6008EAB3E /* Screens */ = {
			isa = PBXGroup;
			children = (
				D94F89442BFA7620008EAB3E /* Awesome_MoviesApp.swift */,
				D961350F2C03BED000B0AB6D /* MainScreen.swift */,
				D9EA02002BFBEC6E00730562 /* MoviesScreen.swift */,
				D96135152C03C0B800B0AB6D /* SavedMoviesScreen.swift */,
				D9DEC3492C010EE800944452 /* MovieDetailScreen.swift */,
				D96135132C03C0A600B0AB6D /* SettingsScreen.swift */,
			);
			path = Screens;
			sourceTree = "<group>";
		};
		D94F89532BFA78B1008EAB3E /* Extensions */ = {
			isa = PBXGroup;
			children = (
				D9DEC35A2C032BBF00944452 /* String+Extension.swift */,
				D98D82472C03307B004C1960 /* Int+Extension.swift */,
				D961350D2C03663C00B0AB6D /* SavedMovie+Extension.swift */,
			);
			path = Extensions;
			sourceTree = "<group>";
		};
		D94F89542BFA79BF008EAB3E /* API */ = {
			isa = PBXGroup;
			children = (
				D9EA01FE2BFBD53200730562 /* QueryItem.swift */,
				D94F89572BFA8107008EAB3E /* Api.swift */,
			);
			path = API;
			sourceTree = "<group>";
		};
		D94F89592BFAA6C1008EAB3E /* Models */ = {
			isa = PBXGroup;
			children = (
				D96135072C03598A00B0AB6D /* Coredata */,
				D94F895A2BFAA88B008EAB3E /* Movie.swift */,
				D9DEC3582C031E0C00944452 /* MovieDetail.swift */,
			);
			path = Models;
			sourceTree = "<group>";
		};
		D94F895C2BFAAB71008EAB3E /* View Models */ = {
			isa = PBXGroup;
			children = (
				D94F895D2BFAABAE008EAB3E /* MovieViewModel.swift */,
				D9DEC3562C031B9D00944452 /* MovieDetailViewModel.swift */,
			);
			path = "View Models";
			sourceTree = "<group>";
		};
		D96135072C03598A00B0AB6D /* Coredata */ = {
			isa = PBXGroup;
			children = (
				D96135082C0359D800B0AB6D /* CoreDataProvider.swift */,
				D961350A2C035CB400B0AB6D /* AwesomeMovieAppModel.xcdatamodeld */,
			);
			path = Coredata;
			sourceTree = "<group>";
		};
		D96135172C03CC7E00B0AB6D /* Saved Movies Screen */ = {
			isa = PBXGroup;
			children = (
				D96135182C03CCE200B0AB6D /* SavedMovieCell.swift */,
			);
			path = "Saved Movies Screen";
			sourceTree = "<group>";
		};
		D97B58D42BFD3FCF00E57704 /* Utilities */ = {
			isa = PBXGroup;
			children = (
				D97B58D72BFD40F200E57704 /* Constant.swift */,
				D9DEC3502C0257B600944452 /* CustomBezierPathShape.swift */,
			);
			path = Utilities;
			sourceTree = "<group>";
		};
		D97B58D92BFD56FE00E57704 /* Views */ = {
			isa = PBXGroup;
			children = (
				D96135172C03CC7E00B0AB6D /* Saved Movies Screen */,
				D9DEC34B2C01E19400944452 /* MovieDetail Screen */,
				D97B58DA2BFD571200E57704 /* Movies Screen */,
			);
			path = Views;
			sourceTree = "<group>";
		};
		D97B58DA2BFD571200E57704 /* Movies Screen */ = {
			isa = PBXGroup;
			children = (
				D97B58DB2BFD587500E57704 /* MovieGridItemView.swift */,
			);
			path = "Movies Screen";
			sourceTree = "<group>";
		};
		D9DEC34B2C01E19400944452 /* MovieDetail Screen */ = {
			isa = PBXGroup;
			children = (
				D9DEC34E2C01E24200944452 /* CircularRatingView.swift */,
				D9DEC3542C02ABF500944452 /* MovieDetailWidget.swift */,
			);
			path = "MovieDetail Screen";
			sourceTree = "<group>";
		};
/* End PBXGroup section */

/* Begin PBXNativeTarget section */
		D94F89402BFA7620008EAB3E /* Awesome Movies */ = {
			isa = PBXNativeTarget;
			buildConfigurationList = D94F894F2BFA7621008EAB3E /* Build configuration list for PBXNativeTarget "Awesome Movies" */;
			buildPhases = (
				D94F893D2BFA7620008EAB3E /* Sources */,
				D94F893E2BFA7620008EAB3E /* Frameworks */,
				D94F893F2BFA7620008EAB3E /* Resources */,
			);
			buildRules = (
			);
			dependencies = (
			);
			name = "Awesome Movies";
			productName = "Awesome Movies";
			productReference = D94F89412BFA7620008EAB3E /* Awesome Movies.app */;
			productType = "com.apple.product-type.application";
		};
/* End PBXNativeTarget section */

/* Begin PBXProject section */
		D94F89392BFA7620008EAB3E /* Project object */ = {
			isa = PBXProject;
			attributes = {
				BuildIndependentTargetsInParallel = 1;
				LastSwiftUpdateCheck = 1540;
				LastUpgradeCheck = 1540;
				TargetAttributes = {
					D94F89402BFA7620008EAB3E = {
						CreatedOnToolsVersion = 15.4;
					};
				};
			};
			buildConfigurationList = D94F893C2BFA7620008EAB3E /* Build configuration list for PBXProject "Awesome Movies" */;
			compatibilityVersion = "Xcode 14.0";
			developmentRegion = en;
			hasScannedForEncodings = 0;
			knownRegions = (
				en,
				Base,
			);
			mainGroup = D94F89382BFA7620008EAB3E;
			productRefGroup = D94F89422BFA7620008EAB3E /* Products */;
			projectDirPath = "";
			projectRoot = "";
			targets = (
				D94F89402BFA7620008EAB3E /* Awesome Movies */,
			);
		};
/* End PBXProject section */

/* Begin PBXResourcesBuildPhase section */
		D94F893F2BFA7620008EAB3E /* Resources */ = {
			isa = PBXResourcesBuildPhase;
			buildActionMask = 2147483647;
			files = (
				D98D824B2C03484E004C1960 /* Launch Screen.storyboard in Resources */,
				D94F894C2BFA7621008EAB3E /* Preview Assets.xcassets in Resources */,
				D94F89492BFA7621008EAB3E /* Assets.xcassets in Resources */,
			);
			runOnlyForDeploymentPostprocessing = 0;
		};
/* End PBXResourcesBuildPhase section */

/* Begin PBXSourcesBuildPhase section */
		D94F893D2BFA7620008EAB3E /* Sources */ = {
			isa = PBXSourcesBuildPhase;
			buildActionMask = 2147483647;
			files = (
				D961350E2C03663C00B0AB6D /* SavedMovie+Extension.swift in Sources */,
				D9DEC35B2C032BBF00944452 /* String+Extension.swift in Sources */,
				D96135092C0359D800B0AB6D /* CoreDataProvider.swift in Sources */,
				D94F89582BFA8107008EAB3E /* Api.swift in Sources */,
				D9EA02012BFBEC6E00730562 /* MoviesScreen.swift in Sources */,
				D98D82482C03307B004C1960 /* Int+Extension.swift in Sources */,
				D96135192C03CCE200B0AB6D /* SavedMovieCell.swift in Sources */,
				D9DEC34F2C01E24200944452 /* CircularRatingView.swift in Sources */,
				D9DEC3512C0257B600944452 /* CustomBezierPathShape.swift in Sources */,
				D94F895E2BFAABAE008EAB3E /* MovieViewModel.swift in Sources */,
				D961350C2C035CB400B0AB6D /* AwesomeMovieAppModel.xcdatamodeld in Sources */,
				D9DEC34A2C010EE800944452 /* MovieDetailScreen.swift in Sources */,
				D97B58D82BFD40F200E57704 /* Constant.swift in Sources */,
				D96135102C03BED000B0AB6D /* MainScreen.swift in Sources */,
				D97B58DC2BFD587500E57704 /* MovieGridItemView.swift in Sources */,
				D9EA01FF2BFBD53200730562 /* QueryItem.swift in Sources */,
				D94F895B2BFAA88B008EAB3E /* Movie.swift in Sources */,
				D9DEC3552C02ABF500944452 /* MovieDetailWidget.swift in Sources */,
				D9DEC3592C031E0C00944452 /* MovieDetail.swift in Sources */,
				D96135162C03C0B800B0AB6D /* SavedMoviesScreen.swift in Sources */,
				D96135142C03C0A600B0AB6D /* SettingsScreen.swift in Sources */,
				D9DEC3572C031B9D00944452 /* MovieDetailViewModel.swift in Sources */,
				D94F89452BFA7620008EAB3E /* Awesome_MoviesApp.swift in Sources */,
			);
			runOnlyForDeploymentPostprocessing = 0;
		};
/* End PBXSourcesBuildPhase section */

/* Begin XCBuildConfiguration section */
		D94F894D2BFA7621008EAB3E /* Debug */ = {
			isa = XCBuildConfiguration;
			buildSettings = {
				ALWAYS_SEARCH_USER_PATHS = NO;
				ASSETCATALOG_COMPILER_GENERATE_SWIFT_ASSET_SYMBOL_EXTENSIONS = YES;
				CLANG_ANALYZER_NONNULL = YES;
				CLANG_ANALYZER_NUMBER_OBJECT_CONVERSION = YES_AGGRESSIVE;
				CLANG_CXX_LANGUAGE_STANDARD = "gnu++20";
				CLANG_ENABLE_MODULES = YES;
				CLANG_ENABLE_OBJC_ARC = YES;
				CLANG_ENABLE_OBJC_WEAK = YES;
				CLANG_WARN_BLOCK_CAPTURE_AUTORELEASING = YES;
				CLANG_WARN_BOOL_CONVERSION = YES;
				CLANG_WARN_COMMA = YES;
				CLANG_WARN_CONSTANT_CONVERSION = YES;
				CLANG_WARN_DEPRECATED_OBJC_IMPLEMENTATIONS = YES;
				CLANG_WARN_DIRECT_OBJC_ISA_USAGE = YES_ERROR;
				CLANG_WARN_DOCUMENTATION_COMMENTS = YES;
				CLANG_WARN_EMPTY_BODY = YES;
				CLANG_WARN_ENUM_CONVERSION = YES;
				CLANG_WARN_INFINITE_RECURSION = YES;
				CLANG_WARN_INT_CONVERSION = YES;
				CLANG_WARN_NON_LITERAL_NULL_CONVERSION = YES;
				CLANG_WARN_OBJC_IMPLICIT_RETAIN_SELF = YES;
				CLANG_WARN_OBJC_LITERAL_CONVERSION = YES;
				CLANG_WARN_OBJC_ROOT_CLASS = YES_ERROR;
				CLANG_WARN_QUOTED_INCLUDE_IN_FRAMEWORK_HEADER = YES;
				CLANG_WARN_RANGE_LOOP_ANALYSIS = YES;
				CLANG_WARN_STRICT_PROTOTYPES = YES;
				CLANG_WARN_SUSPICIOUS_MOVE = YES;
				CLANG_WARN_UNGUARDED_AVAILABILITY = YES_AGGRESSIVE;
				CLANG_WARN_UNREACHABLE_CODE = YES;
				CLANG_WARN__DUPLICATE_METHOD_MATCH = YES;
				COPY_PHASE_STRIP = NO;
				DEBUG_INFORMATION_FORMAT = dwarf;
				ENABLE_STRICT_OBJC_MSGSEND = YES;
				ENABLE_TESTABILITY = YES;
				ENABLE_USER_SCRIPT_SANDBOXING = YES;
				GCC_C_LANGUAGE_STANDARD = gnu17;
				GCC_DYNAMIC_NO_PIC = NO;
				GCC_NO_COMMON_BLOCKS = YES;
				GCC_OPTIMIZATION_LEVEL = 0;
				GCC_PREPROCESSOR_DEFINITIONS = (
					"DEBUG=1",
					"$(inherited)",
				);
				GCC_WARN_64_TO_32_BIT_CONVERSION = YES;
				GCC_WARN_ABOUT_RETURN_TYPE = YES_ERROR;
				GCC_WARN_UNDECLARED_SELECTOR = YES;
				GCC_WARN_UNINITIALIZED_AUTOS = YES_AGGRESSIVE;
				GCC_WARN_UNUSED_FUNCTION = YES;
				GCC_WARN_UNUSED_VARIABLE = YES;
				IPHONEOS_DEPLOYMENT_TARGET = 17.5;
				LOCALIZATION_PREFERS_STRING_CATALOGS = YES;
				MTL_ENABLE_DEBUG_INFO = INCLUDE_SOURCE;
				MTL_FAST_MATH = YES;
				ONLY_ACTIVE_ARCH = YES;
				SDKROOT = iphoneos;
				SWIFT_ACTIVE_COMPILATION_CONDITIONS = "DEBUG $(inherited)";
				SWIFT_OPTIMIZATION_LEVEL = "-Onone";
			};
			name = Debug;
		};
		D94F894E2BFA7621008EAB3E /* Release */ = {
			isa = XCBuildConfiguration;
			buildSettings = {
				ALWAYS_SEARCH_USER_PATHS = NO;
				ASSETCATALOG_COMPILER_GENERATE_SWIFT_ASSET_SYMBOL_EXTENSIONS = YES;
				CLANG_ANALYZER_NONNULL = YES;
				CLANG_ANALYZER_NUMBER_OBJECT_CONVERSION = YES_AGGRESSIVE;
				CLANG_CXX_LANGUAGE_STANDARD = "gnu++20";
				CLANG_ENABLE_MODULES = YES;
				CLANG_ENABLE_OBJC_ARC = YES;
				CLANG_ENABLE_OBJC_WEAK = YES;
				CLANG_WARN_BLOCK_CAPTURE_AUTORELEASING = YES;
				CLANG_WARN_BOOL_CONVERSION = YES;
				CLANG_WARN_COMMA = YES;
				CLANG_WARN_CONSTANT_CONVERSION = YES;
				CLANG_WARN_DEPRECATED_OBJC_IMPLEMENTATIONS = YES;
				CLANG_WARN_DIRECT_OBJC_ISA_USAGE = YES_ERROR;
				CLANG_WARN_DOCUMENTATION_COMMENTS = YES;
				CLANG_WARN_EMPTY_BODY = YES;
				CLANG_WARN_ENUM_CONVERSION = YES;
				CLANG_WARN_INFINITE_RECURSION = YES;
				CLANG_WARN_INT_CONVERSION = YES;
				CLANG_WARN_NON_LITERAL_NULL_CONVERSION = YES;
				CLANG_WARN_OBJC_IMPLICIT_RETAIN_SELF = YES;
				CLANG_WARN_OBJC_LITERAL_CONVERSION = YES;
				CLANG_WARN_OBJC_ROOT_CLASS = YES_ERROR;
				CLANG_WARN_QUOTED_INCLUDE_IN_FRAMEWORK_HEADER = YES;
				CLANG_WARN_RANGE_LOOP_ANALYSIS = YES;
				CLANG_WARN_STRICT_PROTOTYPES = YES;
				CLANG_WARN_SUSPICIOUS_MOVE = YES;
				CLANG_WARN_UNGUARDED_AVAILABILITY = YES_AGGRESSIVE;
				CLANG_WARN_UNREACHABLE_CODE = YES;
				CLANG_WARN__DUPLICATE_METHOD_MATCH = YES;
				COPY_PHASE_STRIP = NO;
				DEBUG_INFORMATION_FORMAT = "dwarf-with-dsym";
				ENABLE_NS_ASSERTIONS = NO;
				ENABLE_STRICT_OBJC_MSGSEND = YES;
				ENABLE_USER_SCRIPT_SANDBOXING = YES;
				GCC_C_LANGUAGE_STANDARD = gnu17;
				GCC_NO_COMMON_BLOCKS = YES;
				GCC_WARN_64_TO_32_BIT_CONVERSION = YES;
				GCC_WARN_ABOUT_RETURN_TYPE = YES_ERROR;
				GCC_WARN_UNDECLARED_SELECTOR = YES;
				GCC_WARN_UNINITIALIZED_AUTOS = YES_AGGRESSIVE;
				GCC_WARN_UNUSED_FUNCTION = YES;
				GCC_WARN_UNUSED_VARIABLE = YES;
				IPHONEOS_DEPLOYMENT_TARGET = 17.5;
				LOCALIZATION_PREFERS_STRING_CATALOGS = YES;
				MTL_ENABLE_DEBUG_INFO = NO;
				MTL_FAST_MATH = YES;
				SDKROOT = iphoneos;
				SWIFT_COMPILATION_MODE = wholemodule;
				VALIDATE_PRODUCT = YES;
			};
			name = Release;
		};
		D94F89502BFA7621008EAB3E /* Debug */ = {
			isa = XCBuildConfiguration;
			buildSettings = {
				ASSETCATALOG_COMPILER_APPICON_NAME = AppIcon;
				ASSETCATALOG_COMPILER_GLOBAL_ACCENT_COLOR_NAME = AccentColor;
				CODE_SIGN_STYLE = Automatic;
				CURRENT_PROJECT_VERSION = 1;
				DEVELOPMENT_ASSET_PATHS = "\"Awesome Movies/Preview Content\"";
				DEVELOPMENT_TEAM = L3F5989LMU;
				ENABLE_PREVIEWS = YES;
				GENERATE_INFOPLIST_FILE = YES;
				INFOPLIST_FILE = "Awesome-Movies-Info.plist";
				INFOPLIST_KEY_UIApplicationSceneManifest_Generation = YES;
				INFOPLIST_KEY_UIApplicationSupportsIndirectInputEvents = YES;
				INFOPLIST_KEY_UILaunchStoryboardName = "Launch Screen.storyboard";
				INFOPLIST_KEY_UISupportedInterfaceOrientations = UIInterfaceOrientationPortrait;
				INFOPLIST_KEY_UISupportedInterfaceOrientations_iPad = "UIInterfaceOrientationLandscapeLeft UIInterfaceOrientationLandscapeRight UIInterfaceOrientationPortrait UIInterfaceOrientationPortraitUpsideDown";
				IPHONEOS_DEPLOYMENT_TARGET = 17.0;
				LD_RUNPATH_SEARCH_PATHS = (
					"$(inherited)",
					"@executable_path/Frameworks",
				);
				MARKETING_VERSION = 1.0;
				PRODUCT_BUNDLE_IDENTIFIER = "com.tolodevops.Awesome-Movies";
				PRODUCT_NAME = "$(TARGET_NAME)";
				SWIFT_EMIT_LOC_STRINGS = YES;
				SWIFT_VERSION = 5.0;
				TARGETED_DEVICE_FAMILY = "1,2";
			};
			name = Debug;
		};
		D94F89512BFA7621008EAB3E /* Release */ = {
			isa = XCBuildConfiguration;
			buildSettings = {
				ASSETCATALOG_COMPILER_APPICON_NAME = AppIcon;
				ASSETCATALOG_COMPILER_GLOBAL_ACCENT_COLOR_NAME = AccentColor;
				CODE_SIGN_STYLE = Automatic;
				CURRENT_PROJECT_VERSION = 1;
				DEVELOPMENT_ASSET_PATHS = "\"Awesome Movies/Preview Content\"";
				DEVELOPMENT_TEAM = L3F5989LMU;
				ENABLE_PREVIEWS = YES;
				GENERATE_INFOPLIST_FILE = YES;
				INFOPLIST_FILE = "Awesome-Movies-Info.plist";
				INFOPLIST_KEY_UIApplicationSceneManifest_Generation = YES;
				INFOPLIST_KEY_UIApplicationSupportsIndirectInputEvents = YES;
				INFOPLIST_KEY_UILaunchStoryboardName = "Launch Screen.storyboard";
				INFOPLIST_KEY_UISupportedInterfaceOrientations = UIInterfaceOrientationPortrait;
				INFOPLIST_KEY_UISupportedInterfaceOrientations_iPad = "UIInterfaceOrientationLandscapeLeft UIInterfaceOrientationLandscapeRight UIInterfaceOrientationPortrait UIInterfaceOrientationPortraitUpsideDown";
				IPHONEOS_DEPLOYMENT_TARGET = 17.0;
				LD_RUNPATH_SEARCH_PATHS = (
					"$(inherited)",
					"@executable_path/Frameworks",
				);
				MARKETING_VERSION = 1.0;
				PRODUCT_BUNDLE_IDENTIFIER = "com.tolodevops.Awesome-Movies";
				PRODUCT_NAME = "$(TARGET_NAME)";
				SWIFT_EMIT_LOC_STRINGS = YES;
				SWIFT_VERSION = 5.0;
				TARGETED_DEVICE_FAMILY = "1,2";
			};
			name = Release;
		};
/* End XCBuildConfiguration section */

/* Begin XCConfigurationList section */
		D94F893C2BFA7620008EAB3E /* Build configuration list for PBXProject "Awesome Movies" */ = {
			isa = XCConfigurationList;
			buildConfigurations = (
				D94F894D2BFA7621008EAB3E /* Debug */,
				D94F894E2BFA7621008EAB3E /* Release */,
			);
			defaultConfigurationIsVisible = 0;
			defaultConfigurationName = Release;
		};
		D94F894F2BFA7621008EAB3E /* Build configuration list for PBXNativeTarget "Awesome Movies" */ = {
			isa = XCConfigurationList;
			buildConfigurations = (
				D94F89502BFA7621008EAB3E /* Debug */,
				D94F89512BFA7621008EAB3E /* Release */,
			);
			defaultConfigurationIsVisible = 0;
			defaultConfigurationName = Release;
		};
/* End XCConfigurationList section */

/* Begin XCVersionGroup section */
		D961350A2C035CB400B0AB6D /* AwesomeMovieAppModel.xcdatamodeld */ = {
			isa = XCVersionGroup;
			children = (
				D961350B2C035CB400B0AB6D /* AwesomeMovieAppModel.xcdatamodel */,
			);
			currentVersion = D961350B2C035CB400B0AB6D /* AwesomeMovieAppModel.xcdatamodel */;
			name = AwesomeMovieAppModel.xcdatamodeld;
			path = "/Users/khalidafridi/Documents/2023-SwiftUI Tutorials/Awesome Movies/Awesome Movies/Models/Coredata/AwesomeMovieAppModel.xcdatamodeld";
			sourceTree = "<group>";
			versionGroupType = wrapper.xcdatamodel;
		};
/* End XCVersionGroup section */
	};
	rootObject = D94F89392BFA7620008EAB3E /* Project object */;
}
